
Microsoft Visual Studio Solution File, Format Version 12.00
# Visual Studio Version 18
VisualStudioVersion = 18.7.11919.86 stable
MinimumVisualStudioVersion = 10.0.40219.1
Project("{FAE04EC0-301F-11D3-BF4B-00C04F79EFBC}") = "Inventory-System.API", "Inventory-System.API\Inventory-System.API.csproj", "{3CAF4054-794A-419A-90B7-EE5490A8B708}"
EndProject
Project("{FAE04EC0-301F-11D3-BF4B-00C04F79EFBC}") = "Inventory-System.Core", "Inventory-System.Core\Inventory-System.Core.csproj", "{C5584587-162F-4637-840C-4B40F4DBC1B3}"
EndProject
Project("{FAE04EC0-301F-11D3-BF4B-00C04F79EFBC}") = "Inventory-System.Domain", "Inventory-System.Domain\Inventory-System.Domain.csproj", "{CC917700-AB56-4DC3-BAA2-A3D293FD5349}"
EndProject
Project("{FAE04EC0-301F-11D3-BF4B-00C04F79EFBC}") = "Inventory-System.Infrastructure", "Inventory-System.Infrastructure\Inventory-System.Infrastructure.csproj", "{EE3C0FE7-DA20-41C5-BAE4-BABBC8CD60FD}"
EndProject
Project("{FAE04EC0-301F-11D3-BF4B-00C04F79EFBC}") = "Inventory-System.Service", "Inventory-System.Service\Inventory-System.Service.csproj", "{69E40414-676D-4E7E-886B-C658E543D48D}"
EndProject
Project("{2150E333-8FDC-42A3-9474-1A3956D46DE8}") = "Solution Items", "Solution Items", "{3AFB7E02-E82F-4CD1-AB2B-5088C3E592E0}"
	ProjectSection(SolutionItems) = preProject
		.editorconfig = .editorconfig
	EndProjectSection
EndProject
Global
	GlobalSection(SolutionConfigurationPlatforms) = preSolution
		Debug|Any CPU = Debug|Any CPU
		Release|Any CPU = Release|Any CPU
	EndGlobalSection
	GlobalSection(ProjectConfigurationPlatforms) = postSolution
		{3CAF4054-794A-419A-90B7-EE5490A8B708}.Debug|Any CPU.ActiveCfg = Debug|Any CPU
		{3CAF4054-794A-419A-90B7-EE5490A8B708}.Debug|Any CPU.Build.0 = Debug|Any CPU
		{3CAF4054-794A-419A-90B7-EE5490A8B708}.Release|Any CPU.ActiveCfg = Release|Any CPU
		{3CAF4054-794A-419A-90B7-EE5490A8B708}.Release|Any CPU.Build.0 = Release|Any CPU
		{C5584587-162F-4637-840C-4B40F4DBC1B3}.Debug|Any CPU.ActiveCfg = Debug|Any CPU
		{C5584587-162F-4637-840C-4B40F4DBC1B3}.Debug|Any CPU.Build.0 = Debug|Any CPU
		{C5584587-162F-4637-840C-4B40F4DBC1B3}.Release|Any CPU.ActiveCfg = Release|Any CPU
		{C5584587-162F-4637-840C-4B40F4DBC1B3}.Release|Any CPU.Build.0 = Release|Any CPU
		{CC917700-AB56-4DC3-BAA2-A3D293FD5349}.Debug|Any CPU.ActiveCfg = Debug|Any CPU
		{CC917700-AB56-4DC3-BAA2-A3D293FD5349}.Debug|Any CPU.Build.0 = Debug|Any CPU
		{CC917700-AB56-4DC3-BAA2-A3D293FD5349}.Release|Any CPU.ActiveCfg = Release|Any CPU
		{CC917700-AB56-4DC3-BAA2-A3D293FD5349}.Release|Any CPU.Build.0 = Release|Any CPU
		{EE3C0FE7-DA20-41C5-BAE4-BABBC8CD60FD}.Debug|Any CPU.ActiveCfg = Debug|Any CPU
		{EE3C0FE7-DA20-41C5-BAE4-BABBC8CD60FD}.Debug|Any CPU.Build.0 = Debug|Any CPU
		{EE3C0FE7-DA20-41C5-BAE4-BABBC8CD60FD}.Release|Any CPU.ActiveCfg = Release|Any CPU
		{EE3C0FE7-DA20-41C5-BAE4-BABBC8CD60FD}.Release|Any CPU.Build.0 = Release|Any CPU
		{69E40414-676D-4E7E-886B-C658E543D48D}.Debug|Any CPU.ActiveCfg = Debug|Any CPU
		{69E40414-676D-4E7E-886B-C658E543D48D}.Debug|Any CPU.Build.0 = Debug|Any CPU
		{69E40414-676D-4E7E-886B-C658E543D48D}.Release|Any CPU.ActiveCfg = Release|Any CPU
		{69E40414-676D-4E7E-886B-C658E543D48D}.Release|Any CPU.Build.0 = Release|Any CPU
	EndGlobalSection
	GlobalSection(SolutionProperties) = preSolution
		HideSolutionNode = FALSE
	EndGlobalSection
	GlobalSection(ExtensibilityGlobals) = postSolution
		SolutionGuid = {594FB22D-BB2D-45D6-AFD3-898134342820}
	EndGlobalSection
EndGlobal
